
Microsoft Visual Studio Solution File, Format Version 12.00
# Visual Studio Version 17
VisualStudioVersion = 17.11.35303.130
MinimumVisualStudioVersion = 10.0.40219.1
Project("{FAE04EC0-301F-11D3-BF4B-00C04F79EFBC}") = "Kafka.Demo.Producer", "Kafka.Demo.Producer\Kafka.Demo.Producer.csproj", "{568792B1-929F-45B7-ABF9-C7EF8DBE327B}"
EndProject
Project("{FAE04EC0-301F-11D3-BF4B-00C04F79EFBC}") = "Kafka.Demo.Consumer", "Kafka.Demo.Consumer\Kafka.Demo.Consumer.csproj", "{307227F9-A711-443C-9FAE-2D286CBA8C42}"
EndProject
Global
	GlobalSection(SolutionConfigurationPlatforms) = preSolution
		Debug|Any CPU = Debug|Any CPU
		Release|Any CPU = Release|Any CPU
	EndGlobalSection
	GlobalSection(ProjectConfigurationPlatforms) = postSolution
		{568792B1-929F-45B7-ABF9-C7EF8DBE327B}.Debug|Any CPU.ActiveCfg = Debug|Any CPU
		{568792B1-929F-45B7-ABF9-C7EF8DBE327B}.Debug|Any CPU.Build.0 = Debug|Any CPU
		{568792B1-929F-45B7-ABF9-C7EF8DBE327B}.Release|Any CPU.ActiveCfg = Release|Any CPU
		{568792B1-929F-45B7-ABF9-C7EF8DBE327B}.Release|Any CPU.Build.0 = Release|Any CPU
		{307227F9-A711-443C-9FAE-2D286CBA8C42}.Debug|Any CPU.ActiveCfg = Debug|Any CPU
		{307227F9-A711-443C-9FAE-2D286CBA8C42}.Debug|Any CPU.Build.0 = Debug|Any CPU
		{307227F9-A711-443C-9FAE-2D286CBA8C42}.Release|Any CPU.ActiveCfg = Release|Any CPU
		{307227F9-A711-443C-9FAE-2D286CBA8C42}.Release|Any CPU.Build.0 = Release|Any CPU
	EndGlobalSection
	GlobalSection(SolutionProperties) = preSolution
		HideSolutionNode = FALSE
	EndGlobalSection
	GlobalSection(ExtensibilityGlobals) = postSolution
		SolutionGuid = {129FAEAE-F803-4132-887A-86E785FA0A51}
	EndGlobalSection
EndGlobal
